// !$*UTF8*$!
{
	archiveVersion = 1;
	classes = {
	};
	objectVersion = 46;
	objects = {

/* Begin PBXBuildFile section */
		35D2516808207E8A1B9F8A98 /* Pods_TimeBit.framework in Frameworks */ = {isa = PBXBuildFile; fileRef = 156B77C2EC8E40D45C57B407 /* Pods_TimeBit.framework */; };
		6B4951FA1EAE5F9B006645D5 /* AppDelegate.swift in Sources */ = {isa = PBXBuildFile; fileRef = 6B4951F91EAE5F9B006645D5 /* AppDelegate.swift */; };
		6B4952011EAE5F9B006645D5 /* Assets.xcassets in Resources */ = {isa = PBXBuildFile; fileRef = 6B4952001EAE5F9B006645D5 /* Assets.xcassets */; };
		6B4952041EAE5F9B006645D5 /* LaunchScreen.storyboard in Resources */ = {isa = PBXBuildFile; fileRef = 6B4952021EAE5F9B006645D5 /* LaunchScreen.storyboard */; };
		6B49520F1EAE5F9B006645D5 /* TimeBitTests.swift in Sources */ = {isa = PBXBuildFile; fileRef = 6B49520E1EAE5F9B006645D5 /* TimeBitTests.swift */; };
		6B49521A1EAE5F9B006645D5 /* TimeBitUITests.swift in Sources */ = {isa = PBXBuildFile; fileRef = 6B4952191EAE5F9B006645D5 /* TimeBitUITests.swift */; };
		6B49522A1EAFDB4D006645D5 /* Activity.swift in Sources */ = {isa = PBXBuildFile; fileRef = 6B4952291EAFDB4D006645D5 /* Activity.swift */; };
		6B49522D1EAFFEAF006645D5 /* ParseClient.swift in Sources */ = {isa = PBXBuildFile; fileRef = 6B49522C1EAFFEAF006645D5 /* ParseClient.swift */; };
		6B49522F1EB129EA006645D5 /* Secrets.swift in Sources */ = {isa = PBXBuildFile; fileRef = 6B49522E1EB129EA006645D5 /* Secrets.swift */; };
		6B4952311EB13AC0006645D5 /* User.swift in Sources */ = {isa = PBXBuildFile; fileRef = 6B4952301EB13AC0006645D5 /* User.swift */; };
		6B4952331EB3DD51006645D5 /* Goal.swift in Sources */ = {isa = PBXBuildFile; fileRef = 6B4952321EB3DD51006645D5 /* Goal.swift */; };
		6B4952351EB3E876006645D5 /* GoalSettingViewController.swift in Sources */ = {isa = PBXBuildFile; fileRef = 6B4952341EB3E876006645D5 /* GoalSettingViewController.swift */; };
		6B4952371EB3E90E006645D5 /* GoalSettingViewController.xib in Resources */ = {isa = PBXBuildFile; fileRef = 6B4952361EB3E90E006645D5 /* GoalSettingViewController.xib */; };
		6B49523E1EB543A7006645D5 /* ReportViewController.swift in Sources */ = {isa = PBXBuildFile; fileRef = 6B49523C1EB543A7006645D5 /* ReportViewController.swift */; };
		6B49523F1EB543A7006645D5 /* ReportViewController.xib in Resources */ = {isa = PBXBuildFile; fileRef = 6B49523D1EB543A7006645D5 /* ReportViewController.xib */; };
		6B4952421EB543C7006645D5 /* NotificationViewController.swift in Sources */ = {isa = PBXBuildFile; fileRef = 6B4952401EB543C7006645D5 /* NotificationViewController.swift */; };
		6B4952431EB543C7006645D5 /* NotificationViewController.xib in Resources */ = {isa = PBXBuildFile; fileRef = 6B4952411EB543C7006645D5 /* NotificationViewController.xib */; };
		6B4952461EB5442C006645D5 /* GoalsViewController.swift in Sources */ = {isa = PBXBuildFile; fileRef = 6B4952441EB5442C006645D5 /* GoalsViewController.swift */; };
		6B4952471EB5442C006645D5 /* GoalsViewController.xib in Resources */ = {isa = PBXBuildFile; fileRef = 6B4952451EB5442C006645D5 /* GoalsViewController.xib */; };
		6E4B3CE5A4C5B40A4B9F60DF /* Pods_TimeBitUITests.framework in Frameworks */ = {isa = PBXBuildFile; fileRef = 25E249913954E15995F02A01 /* Pods_TimeBitUITests.framework */; };
		9303B8FD1EB5771A0086F0FB /* DetailActivity1Cell.swift in Sources */ = {isa = PBXBuildFile; fileRef = 9303B8FB1EB5771A0086F0FB /* DetailActivity1Cell.swift */; };
		9303B8FE1EB5771A0086F0FB /* DetailActivity1Cell.xib in Resources */ = {isa = PBXBuildFile; fileRef = 9303B8FC1EB5771A0086F0FB /* DetailActivity1Cell.xib */; };
		9303B9011EB5779A0086F0FB /* DetailActivity2Cell.swift in Sources */ = {isa = PBXBuildFile; fileRef = 9303B8FF1EB5779A0086F0FB /* DetailActivity2Cell.swift */; };
		9303B9021EB5779A0086F0FB /* DetailActivity2Cell.xib in Resources */ = {isa = PBXBuildFile; fileRef = 9303B9001EB5779A0086F0FB /* DetailActivity2Cell.xib */; };
		9303B9051EB577C70086F0FB /* DetailActivity3Cell.swift in Sources */ = {isa = PBXBuildFile; fileRef = 9303B9031EB577C70086F0FB /* DetailActivity3Cell.swift */; };
		9303B9061EB577C70086F0FB /* DetailActivity3Cell.xib in Resources */ = {isa = PBXBuildFile; fileRef = 9303B9041EB577C70086F0FB /* DetailActivity3Cell.xib */; };
		9303B9091EB578110086F0FB /* DetailActivity4Cell.swift in Sources */ = {isa = PBXBuildFile; fileRef = 9303B9071EB578110086F0FB /* DetailActivity4Cell.swift */; };
		9303B90A1EB578110086F0FB /* DetailActivity4Cell.xib in Resources */ = {isa = PBXBuildFile; fileRef = 9303B9081EB578110086F0FB /* DetailActivity4Cell.xib */; };
		9303B90C1EB57B3C0086F0FB /* DetailActivityViewController.swift in Sources */ = {isa = PBXBuildFile; fileRef = 9303B90B1EB57B3C0086F0FB /* DetailActivityViewController.swift */; };
		9303B90E1EB59A180086F0FB /* ActivityLog.swift in Sources */ = {isa = PBXBuildFile; fileRef = 9303B90D1EB59A180086F0FB /* ActivityLog.swift */; };
		9303B9161EB5BA8D0086F0FB /* DetailActivityViewController.xib in Resources */ = {isa = PBXBuildFile; fileRef = 9303B9151EB5BA8D0086F0FB /* DetailActivityViewController.xib */; };
		A5764ED13E954BFBB12497EF /* Pods_TimeBitTests.framework in Frameworks */ = {isa = PBXBuildFile; fileRef = 78EB96CA347EF1C14436DA37 /* Pods_TimeBitTests.framework */; };
		F8A2C6A61EB5A62E005CC925 /* HomeViewController.xib in Resources */ = {isa = PBXBuildFile; fileRef = F8A2C6A51EB5A62E005CC925 /* HomeViewController.xib */; };
		F8D7310A1EB3C5290080039E /* HomeViewController.swift in Sources */ = {isa = PBXBuildFile; fileRef = F8D731091EB3C5290080039E /* HomeViewController.swift */; };
		F8D7310F1EB3C7530080039E /* TimerView.xib in Resources */ = {isa = PBXBuildFile; fileRef = F8D7310E1EB3C7530080039E /* TimerView.xib */; };
		F8D731121EB3C9120080039E /* TimerView.swift in Sources */ = {isa = PBXBuildFile; fileRef = F8D731111EB3C9120080039E /* TimerView.swift */; };
		F8D731141EB3D6E70080039E /* ActivityCell.swift in Sources */ = {isa = PBXBuildFile; fileRef = F8D731131EB3D6E70080039E /* ActivityCell.swift */; };
		F8D731161EB3D80F0080039E /* ActivityCell.xib in Resources */ = {isa = PBXBuildFile; fileRef = F8D731151EB3D80F0080039E /* ActivityCell.xib */; };
/* End PBXBuildFile section */

/* Begin PBXContainerItemProxy section */
		6B49520B1EAE5F9B006645D5 /* PBXContainerItemProxy */ = {
			isa = PBXContainerItemProxy;
			containerPortal = 6B4951EE1EAE5F9B006645D5 /* Project object */;
			proxyType = 1;
			remoteGlobalIDString = 6B4951F51EAE5F9B006645D5;
			remoteInfo = TimeBit;
		};
		6B4952161EAE5F9B006645D5 /* PBXContainerItemProxy */ = {
			isa = PBXContainerItemProxy;
			containerPortal = 6B4951EE1EAE5F9B006645D5 /* Project object */;
			proxyType = 1;
			remoteGlobalIDString = 6B4951F51EAE5F9B006645D5;
			remoteInfo = TimeBit;
		};
/* End PBXContainerItemProxy section */

/* Begin PBXFileReference section */
		156B77C2EC8E40D45C57B407 /* Pods_TimeBit.framework */ = {isa = PBXFileReference; explicitFileType = wrapper.framework; includeInIndex = 0; path = Pods_TimeBit.framework; sourceTree = BUILT_PRODUCTS_DIR; };
		242FF6FFA87B595DA7305FCA /* Pods-TimeBitTests.release.xcconfig */ = {isa = PBXFileReference; includeInIndex = 1; lastKnownFileType = text.xcconfig; name = "Pods-TimeBitTests.release.xcconfig"; path = "Pods/Target Support Files/Pods-TimeBitTests/Pods-TimeBitTests.release.xcconfig"; sourceTree = "<group>"; };
		25E249913954E15995F02A01 /* Pods_TimeBitUITests.framework */ = {isa = PBXFileReference; explicitFileType = wrapper.framework; includeInIndex = 0; path = Pods_TimeBitUITests.framework; sourceTree = BUILT_PRODUCTS_DIR; };
		3A8E2E136DE1B02979666D3B /* Pods-TimeBitUITests.debug.xcconfig */ = {isa = PBXFileReference; includeInIndex = 1; lastKnownFileType = text.xcconfig; name = "Pods-TimeBitUITests.debug.xcconfig"; path = "Pods/Target Support Files/Pods-TimeBitUITests/Pods-TimeBitUITests.debug.xcconfig"; sourceTree = "<group>"; };
		6696D97FCBC1A0FF722CE363 /* Pods-TimeBit.release.xcconfig */ = {isa = PBXFileReference; includeInIndex = 1; lastKnownFileType = text.xcconfig; name = "Pods-TimeBit.release.xcconfig"; path = "Pods/Target Support Files/Pods-TimeBit/Pods-TimeBit.release.xcconfig"; sourceTree = "<group>"; };
		6B4951F61EAE5F9B006645D5 /* TimeBit.app */ = {isa = PBXFileReference; explicitFileType = wrapper.application; includeInIndex = 0; path = TimeBit.app; sourceTree = BUILT_PRODUCTS_DIR; };
		6B4951F91EAE5F9B006645D5 /* AppDelegate.swift */ = {isa = PBXFileReference; lastKnownFileType = sourcecode.swift; path = AppDelegate.swift; sourceTree = "<group>"; };
		6B4952001EAE5F9B006645D5 /* Assets.xcassets */ = {isa = PBXFileReference; lastKnownFileType = folder.assetcatalog; path = Assets.xcassets; sourceTree = "<group>"; };
		6B4952031EAE5F9B006645D5 /* Base */ = {isa = PBXFileReference; lastKnownFileType = file.storyboard; name = Base; path = Base.lproj/LaunchScreen.storyboard; sourceTree = "<group>"; };
		6B4952051EAE5F9B006645D5 /* Info.plist */ = {isa = PBXFileReference; lastKnownFileType = text.plist.xml; path = Info.plist; sourceTree = "<group>"; };
		6B49520A1EAE5F9B006645D5 /* TimeBitTests.xctest */ = {isa = PBXFileReference; explicitFileType = wrapper.cfbundle; includeInIndex = 0; path = TimeBitTests.xctest; sourceTree = BUILT_PRODUCTS_DIR; };
		6B49520E1EAE5F9B006645D5 /* TimeBitTests.swift */ = {isa = PBXFileReference; lastKnownFileType = sourcecode.swift; path = TimeBitTests.swift; sourceTree = "<group>"; };
		6B4952101EAE5F9B006645D5 /* Info.plist */ = {isa = PBXFileReference; lastKnownFileType = text.plist.xml; path = Info.plist; sourceTree = "<group>"; };
		6B4952151EAE5F9B006645D5 /* TimeBitUITests.xctest */ = {isa = PBXFileReference; explicitFileType = wrapper.cfbundle; includeInIndex = 0; path = TimeBitUITests.xctest; sourceTree = BUILT_PRODUCTS_DIR; };
		6B4952191EAE5F9B006645D5 /* TimeBitUITests.swift */ = {isa = PBXFileReference; lastKnownFileType = sourcecode.swift; path = TimeBitUITests.swift; sourceTree = "<group>"; };
		6B49521B1EAE5F9B006645D5 /* Info.plist */ = {isa = PBXFileReference; lastKnownFileType = text.plist.xml; path = Info.plist; sourceTree = "<group>"; };
		6B4952291EAFDB4D006645D5 /* Activity.swift */ = {isa = PBXFileReference; fileEncoding = 4; lastKnownFileType = sourcecode.swift; path = Activity.swift; sourceTree = "<group>"; };
		6B49522C1EAFFEAF006645D5 /* ParseClient.swift */ = {isa = PBXFileReference; fileEncoding = 4; lastKnownFileType = sourcecode.swift; path = ParseClient.swift; sourceTree = "<group>"; };
		6B49522E1EB129EA006645D5 /* Secrets.swift */ = {isa = PBXFileReference; fileEncoding = 4; lastKnownFileType = sourcecode.swift; path = Secrets.swift; sourceTree = "<group>"; };
		6B4952301EB13AC0006645D5 /* User.swift */ = {isa = PBXFileReference; fileEncoding = 4; lastKnownFileType = sourcecode.swift; path = User.swift; sourceTree = "<group>"; };
		6B4952321EB3DD51006645D5 /* Goal.swift */ = {isa = PBXFileReference; fileEncoding = 4; lastKnownFileType = sourcecode.swift; path = Goal.swift; sourceTree = "<group>"; };
		6B4952341EB3E876006645D5 /* GoalSettingViewController.swift */ = {isa = PBXFileReference; fileEncoding = 4; lastKnownFileType = sourcecode.swift; path = GoalSettingViewController.swift; sourceTree = "<group>"; };
		6B4952361EB3E90E006645D5 /* GoalSettingViewController.xib */ = {isa = PBXFileReference; fileEncoding = 4; lastKnownFileType = file.xib; path = GoalSettingViewController.xib; sourceTree = "<group>"; };
		6B49523C1EB543A7006645D5 /* ReportViewController.swift */ = {isa = PBXFileReference; fileEncoding = 4; lastKnownFileType = sourcecode.swift; path = ReportViewController.swift; sourceTree = "<group>"; };
		6B49523D1EB543A7006645D5 /* ReportViewController.xib */ = {isa = PBXFileReference; fileEncoding = 4; lastKnownFileType = file.xib; path = ReportViewController.xib; sourceTree = "<group>"; };
		6B4952401EB543C7006645D5 /* NotificationViewController.swift */ = {isa = PBXFileReference; fileEncoding = 4; lastKnownFileType = sourcecode.swift; path = NotificationViewController.swift; sourceTree = "<group>"; };
		6B4952411EB543C7006645D5 /* NotificationViewController.xib */ = {isa = PBXFileReference; fileEncoding = 4; lastKnownFileType = file.xib; path = NotificationViewController.xib; sourceTree = "<group>"; };
		6B4952441EB5442C006645D5 /* GoalsViewController.swift */ = {isa = PBXFileReference; fileEncoding = 4; lastKnownFileType = sourcecode.swift; path = GoalsViewController.swift; sourceTree = "<group>"; };
		6B4952451EB5442C006645D5 /* GoalsViewController.xib */ = {isa = PBXFileReference; fileEncoding = 4; lastKnownFileType = file.xib; path = GoalsViewController.xib; sourceTree = "<group>"; };
		769BF63BC7610A30DC7BEE6D /* Pods-TimeBitTests.debug.xcconfig */ = {isa = PBXFileReference; includeInIndex = 1; lastKnownFileType = text.xcconfig; name = "Pods-TimeBitTests.debug.xcconfig"; path = "Pods/Target Support Files/Pods-TimeBitTests/Pods-TimeBitTests.debug.xcconfig"; sourceTree = "<group>"; };
		78EB96CA347EF1C14436DA37 /* Pods_TimeBitTests.framework */ = {isa = PBXFileReference; explicitFileType = wrapper.framework; includeInIndex = 0; path = Pods_TimeBitTests.framework; sourceTree = BUILT_PRODUCTS_DIR; };
		9303B8FB1EB5771A0086F0FB /* DetailActivity1Cell.swift */ = {isa = PBXFileReference; fileEncoding = 4; lastKnownFileType = sourcecode.swift; path = DetailActivity1Cell.swift; sourceTree = "<group>"; };
		9303B8FC1EB5771A0086F0FB /* DetailActivity1Cell.xib */ = {isa = PBXFileReference; fileEncoding = 4; lastKnownFileType = file.xib; path = DetailActivity1Cell.xib; sourceTree = "<group>"; };
		9303B8FF1EB5779A0086F0FB /* DetailActivity2Cell.swift */ = {isa = PBXFileReference; fileEncoding = 4; lastKnownFileType = sourcecode.swift; path = DetailActivity2Cell.swift; sourceTree = "<group>"; };
		9303B9001EB5779A0086F0FB /* DetailActivity2Cell.xib */ = {isa = PBXFileReference; fileEncoding = 4; lastKnownFileType = file.xib; path = DetailActivity2Cell.xib; sourceTree = "<group>"; };
		9303B9031EB577C70086F0FB /* DetailActivity3Cell.swift */ = {isa = PBXFileReference; fileEncoding = 4; lastKnownFileType = sourcecode.swift; path = DetailActivity3Cell.swift; sourceTree = "<group>"; };
		9303B9041EB577C70086F0FB /* DetailActivity3Cell.xib */ = {isa = PBXFileReference; fileEncoding = 4; lastKnownFileType = file.xib; path = DetailActivity3Cell.xib; sourceTree = "<group>"; };
		9303B9071EB578110086F0FB /* DetailActivity4Cell.swift */ = {isa = PBXFileReference; fileEncoding = 4; lastKnownFileType = sourcecode.swift; path = DetailActivity4Cell.swift; sourceTree = "<group>"; };
		9303B9081EB578110086F0FB /* DetailActivity4Cell.xib */ = {isa = PBXFileReference; fileEncoding = 4; lastKnownFileType = file.xib; path = DetailActivity4Cell.xib; sourceTree = "<group>"; };
		9303B90B1EB57B3C0086F0FB /* DetailActivityViewController.swift */ = {isa = PBXFileReference; fileEncoding = 4; lastKnownFileType = sourcecode.swift; path = DetailActivityViewController.swift; sourceTree = "<group>"; };
		9303B90D1EB59A180086F0FB /* ActivityLog.swift */ = {isa = PBXFileReference; fileEncoding = 4; lastKnownFileType = sourcecode.swift; path = ActivityLog.swift; sourceTree = "<group>"; };
		9303B9151EB5BA8D0086F0FB /* DetailActivityViewController.xib */ = {isa = PBXFileReference; fileEncoding = 4; lastKnownFileType = file.xib; path = DetailActivityViewController.xib; sourceTree = "<group>"; };
		B08A7E26325A76113F4F7572 /* Pods-TimeBit.debug.xcconfig */ = {isa = PBXFileReference; includeInIndex = 1; lastKnownFileType = text.xcconfig; name = "Pods-TimeBit.debug.xcconfig"; path = "Pods/Target Support Files/Pods-TimeBit/Pods-TimeBit.debug.xcconfig"; sourceTree = "<group>"; };
		C9B5FD66C06BBA440B24E233 /* Pods-TimeBitUITests.release.xcconfig */ = {isa = PBXFileReference; includeInIndex = 1; lastKnownFileType = text.xcconfig; name = "Pods-TimeBitUITests.release.xcconfig"; path = "Pods/Target Support Files/Pods-TimeBitUITests/Pods-TimeBitUITests.release.xcconfig"; sourceTree = "<group>"; };
		F8A2C6A51EB5A62E005CC925 /* HomeViewController.xib */ = {isa = PBXFileReference; fileEncoding = 4; lastKnownFileType = file.xib; path = HomeViewController.xib; sourceTree = "<group>"; };
		F8D731091EB3C5290080039E /* HomeViewController.swift */ = {isa = PBXFileReference; fileEncoding = 4; lastKnownFileType = sourcecode.swift; path = HomeViewController.swift; sourceTree = "<group>"; };
		F8D7310E1EB3C7530080039E /* TimerView.xib */ = {isa = PBXFileReference; fileEncoding = 4; lastKnownFileType = file.xib; path = TimerView.xib; sourceTree = "<group>"; };
		F8D731111EB3C9120080039E /* TimerView.swift */ = {isa = PBXFileReference; fileEncoding = 4; lastKnownFileType = sourcecode.swift; path = TimerView.swift; sourceTree = "<group>"; };
		F8D731131EB3D6E70080039E /* ActivityCell.swift */ = {isa = PBXFileReference; fileEncoding = 4; lastKnownFileType = sourcecode.swift; path = ActivityCell.swift; sourceTree = "<group>"; };
		F8D731151EB3D80F0080039E /* ActivityCell.xib */ = {isa = PBXFileReference; fileEncoding = 4; lastKnownFileType = file.xib; path = ActivityCell.xib; sourceTree = "<group>"; };
/* End PBXFileReference section */

/* Begin PBXFrameworksBuildPhase section */
		6B4951F31EAE5F9B006645D5 /* Frameworks */ = {
			isa = PBXFrameworksBuildPhase;
			buildActionMask = 2147483647;
			files = (
				35D2516808207E8A1B9F8A98 /* Pods_TimeBit.framework in Frameworks */,
			);
			runOnlyForDeploymentPostprocessing = 0;
		};
		6B4952071EAE5F9B006645D5 /* Frameworks */ = {
			isa = PBXFrameworksBuildPhase;
			buildActionMask = 2147483647;
			files = (
				A5764ED13E954BFBB12497EF /* Pods_TimeBitTests.framework in Frameworks */,
			);
			runOnlyForDeploymentPostprocessing = 0;
		};
		6B4952121EAE5F9B006645D5 /* Frameworks */ = {
			isa = PBXFrameworksBuildPhase;
			buildActionMask = 2147483647;
			files = (
				6E4B3CE5A4C5B40A4B9F60DF /* Pods_TimeBitUITests.framework in Frameworks */,
			);
			runOnlyForDeploymentPostprocessing = 0;
		};
/* End PBXFrameworksBuildPhase section */

/* Begin PBXGroup section */
		18D8D1F05AB035EA922E067F /* Pods */ = {
			isa = PBXGroup;
			children = (
				B08A7E26325A76113F4F7572 /* Pods-TimeBit.debug.xcconfig */,
				6696D97FCBC1A0FF722CE363 /* Pods-TimeBit.release.xcconfig */,
				769BF63BC7610A30DC7BEE6D /* Pods-TimeBitTests.debug.xcconfig */,
				242FF6FFA87B595DA7305FCA /* Pods-TimeBitTests.release.xcconfig */,
				3A8E2E136DE1B02979666D3B /* Pods-TimeBitUITests.debug.xcconfig */,
				C9B5FD66C06BBA440B24E233 /* Pods-TimeBitUITests.release.xcconfig */,
			);
			name = Pods;
			sourceTree = "<group>";
		};
		6B4951ED1EAE5F9B006645D5 = {
			isa = PBXGroup;
			children = (
				6B4951F81EAE5F9B006645D5 /* TimeBit */,
				6B49520D1EAE5F9B006645D5 /* TimeBitTests */,
				6B4952181EAE5F9B006645D5 /* TimeBitUITests */,
				6B4951F71EAE5F9B006645D5 /* Products */,
				18D8D1F05AB035EA922E067F /* Pods */,
				A3826ED343082928CB10DF85 /* Frameworks */,
			);
			sourceTree = "<group>";
		};
		6B4951F71EAE5F9B006645D5 /* Products */ = {
			isa = PBXGroup;
			children = (
				6B4951F61EAE5F9B006645D5 /* TimeBit.app */,
				6B49520A1EAE5F9B006645D5 /* TimeBitTests.xctest */,
				6B4952151EAE5F9B006645D5 /* TimeBitUITests.xctest */,
			);
			name = Products;
			sourceTree = "<group>";
		};
		6B4951F81EAE5F9B006645D5 /* TimeBit */ = {
			isa = PBXGroup;
			children = (
				9303B8EA1EB4571C0086F0FB /* View */,
				F8D731101EB3C8CB0080039E /* Views */,
				F8D731061EB3AEF90080039E /* Nib */,
				6B49522B1EAFF4F1006645D5 /* API */,
				6B4952271EAFDB1A006645D5 /* Model */,
				6B4952281EAFDB23006645D5 /* View Controllers */,
				6B4951F91EAE5F9B006645D5 /* AppDelegate.swift */,
				6B4952001EAE5F9B006645D5 /* Assets.xcassets */,
				6B4952021EAE5F9B006645D5 /* LaunchScreen.storyboard */,
				6B4952051EAE5F9B006645D5 /* Info.plist */,
			);
			path = TimeBit;
			sourceTree = "<group>";
		};
		6B49520D1EAE5F9B006645D5 /* TimeBitTests */ = {
			isa = PBXGroup;
			children = (
				6B49520E1EAE5F9B006645D5 /* TimeBitTests.swift */,
				6B4952101EAE5F9B006645D5 /* Info.plist */,
			);
			path = TimeBitTests;
			sourceTree = "<group>";
		};
		6B4952181EAE5F9B006645D5 /* TimeBitUITests */ = {
			isa = PBXGroup;
			children = (
				6B4952191EAE5F9B006645D5 /* TimeBitUITests.swift */,
				6B49521B1EAE5F9B006645D5 /* Info.plist */,
			);
			path = TimeBitUITests;
			sourceTree = "<group>";
		};
		6B4952271EAFDB1A006645D5 /* Model */ = {
			isa = PBXGroup;
			children = (
				6B49522E1EB129EA006645D5 /* Secrets.swift */,
				6B4952291EAFDB4D006645D5 /* Activity.swift */,
				6B4952301EB13AC0006645D5 /* User.swift */,
				9303B90D1EB59A180086F0FB /* ActivityLog.swift */,
				6B4952321EB3DD51006645D5 /* Goal.swift */,
			);
			name = Model;
			sourceTree = "<group>";
		};
		6B4952281EAFDB23006645D5 /* View Controllers */ = {
			isa = PBXGroup;
			children = (
				9303B90B1EB57B3C0086F0FB /* DetailActivityViewController.swift */,
				9303B9151EB5BA8D0086F0FB /* DetailActivityViewController.xib */,
				F8D731091EB3C5290080039E /* HomeViewController.swift */,
				6B4952341EB3E876006645D5 /* GoalSettingViewController.swift */,
				6B4952361EB3E90E006645D5 /* GoalSettingViewController.xib */,
				6B49523C1EB543A7006645D5 /* ReportViewController.swift */,
				6B49523D1EB543A7006645D5 /* ReportViewController.xib */,
				6B4952401EB543C7006645D5 /* NotificationViewController.swift */,
				6B4952411EB543C7006645D5 /* NotificationViewController.xib */,
				6B4952441EB5442C006645D5 /* GoalsViewController.swift */,
				6B4952451EB5442C006645D5 /* GoalsViewController.xib */,
			);
			name = "View Controllers";
			sourceTree = "<group>";
		};
		6B49522B1EAFF4F1006645D5 /* API */ = {
			isa = PBXGroup;
			children = (
				6B49522C1EAFFEAF006645D5 /* ParseClient.swift */,
			);
			name = API;
			sourceTree = "<group>";
		};
		9303B8EA1EB4571C0086F0FB /* View */ = {
			isa = PBXGroup;
			children = (
				9303B8FB1EB5771A0086F0FB /* DetailActivity1Cell.swift */,
				9303B8FC1EB5771A0086F0FB /* DetailActivity1Cell.xib */,
				9303B8FF1EB5779A0086F0FB /* DetailActivity2Cell.swift */,
				9303B9001EB5779A0086F0FB /* DetailActivity2Cell.xib */,
				9303B9031EB577C70086F0FB /* DetailActivity3Cell.swift */,
				9303B9041EB577C70086F0FB /* DetailActivity3Cell.xib */,
				9303B9071EB578110086F0FB /* DetailActivity4Cell.swift */,
				9303B9081EB578110086F0FB /* DetailActivity4Cell.xib */,
			);
			name = View;
			sourceTree = "<group>";
		};
		A3826ED343082928CB10DF85 /* Frameworks */ = {
			isa = PBXGroup;
			children = (
				156B77C2EC8E40D45C57B407 /* Pods_TimeBit.framework */,
				78EB96CA347EF1C14436DA37 /* Pods_TimeBitTests.framework */,
				25E249913954E15995F02A01 /* Pods_TimeBitUITests.framework */,
			);
			name = Frameworks;
			sourceTree = "<group>";
		};
		F8D731061EB3AEF90080039E /* Nib */ = {
			isa = PBXGroup;
			children = (
				F8D7310E1EB3C7530080039E /* TimerView.xib */,
				F8D731151EB3D80F0080039E /* ActivityCell.xib */,
				F8A2C6A51EB5A62E005CC925 /* HomeViewController.xib */,
			);
			name = Nib;
			sourceTree = "<group>";
		};
		F8D731101EB3C8CB0080039E /* Views */ = {
			isa = PBXGroup;
			children = (
				F8D731111EB3C9120080039E /* TimerView.swift */,
				F8D731131EB3D6E70080039E /* ActivityCell.swift */,
			);
			name = Views;
			sourceTree = "<group>";
		};
/* End PBXGroup section */

/* Begin PBXNativeTarget section */
		6B4951F51EAE5F9B006645D5 /* TimeBit */ = {
			isa = PBXNativeTarget;
			buildConfigurationList = 6B49521E1EAE5F9B006645D5 /* Build configuration list for PBXNativeTarget "TimeBit" */;
			buildPhases = (
				59E3210E04AC4AEA645DE6B6 /* [CP] Check Pods Manifest.lock */,
				6B4951F21EAE5F9B006645D5 /* Sources */,
				6B4951F31EAE5F9B006645D5 /* Frameworks */,
				6B4951F41EAE5F9B006645D5 /* Resources */,
				092DB3D5504777951237FD56 /* [CP] Embed Pods Frameworks */,
				340AB3A041BE08736A9F6C71 /* [CP] Copy Pods Resources */,
			);
			buildRules = (
			);
			dependencies = (
			);
			name = TimeBit;
			productName = TimeBit;
			productReference = 6B4951F61EAE5F9B006645D5 /* TimeBit.app */;
			productType = "com.apple.product-type.application";
		};
		6B4952091EAE5F9B006645D5 /* TimeBitTests */ = {
			isa = PBXNativeTarget;
			buildConfigurationList = 6B4952211EAE5F9B006645D5 /* Build configuration list for PBXNativeTarget "TimeBitTests" */;
			buildPhases = (
				2CCCD581B2B03864107D5941 /* [CP] Check Pods Manifest.lock */,
				6B4952061EAE5F9B006645D5 /* Sources */,
				6B4952071EAE5F9B006645D5 /* Frameworks */,
				6B4952081EAE5F9B006645D5 /* Resources */,
				085F703464999C854CE258BF /* [CP] Embed Pods Frameworks */,
				0787ECF7E74322A685B2E16A /* [CP] Copy Pods Resources */,
			);
			buildRules = (
			);
			dependencies = (
				6B49520C1EAE5F9B006645D5 /* PBXTargetDependency */,
			);
			name = TimeBitTests;
			productName = TimeBitTests;
			productReference = 6B49520A1EAE5F9B006645D5 /* TimeBitTests.xctest */;
			productType = "com.apple.product-type.bundle.unit-test";
		};
		6B4952141EAE5F9B006645D5 /* TimeBitUITests */ = {
			isa = PBXNativeTarget;
			buildConfigurationList = 6B4952241EAE5F9B006645D5 /* Build configuration list for PBXNativeTarget "TimeBitUITests" */;
			buildPhases = (
				FAC93CABE00D8E1C23AD96C5 /* [CP] Check Pods Manifest.lock */,
				6B4952111EAE5F9B006645D5 /* Sources */,
				6B4952121EAE5F9B006645D5 /* Frameworks */,
				6B4952131EAE5F9B006645D5 /* Resources */,
				8DE40AF0ABD659FEA6A3CB2B /* [CP] Embed Pods Frameworks */,
				6B2DD1B116B22E962CDD28A7 /* [CP] Copy Pods Resources */,
			);
			buildRules = (
			);
			dependencies = (
				6B4952171EAE5F9B006645D5 /* PBXTargetDependency */,
			);
			name = TimeBitUITests;
			productName = TimeBitUITests;
			productReference = 6B4952151EAE5F9B006645D5 /* TimeBitUITests.xctest */;
			productType = "com.apple.product-type.bundle.ui-testing";
		};
/* End PBXNativeTarget section */

/* Begin PBXProject section */
		6B4951EE1EAE5F9B006645D5 /* Project object */ = {
			isa = PBXProject;
			attributes = {
				LastSwiftUpdateCheck = 0830;
				LastUpgradeCheck = 0830;
				ORGANIZATIONNAME = BiteOfTime;
				TargetAttributes = {
					6B4951F51EAE5F9B006645D5 = {
						CreatedOnToolsVersion = 8.3.1;
						ProvisioningStyle = Automatic;
					};
					6B4952091EAE5F9B006645D5 = {
						CreatedOnToolsVersion = 8.3.1;
						ProvisioningStyle = Automatic;
						TestTargetID = 6B4951F51EAE5F9B006645D5;
					};
					6B4952141EAE5F9B006645D5 = {
						CreatedOnToolsVersion = 8.3.1;
						ProvisioningStyle = Automatic;
						TestTargetID = 6B4951F51EAE5F9B006645D5;
					};
				};
			};
			buildConfigurationList = 6B4951F11EAE5F9B006645D5 /* Build configuration list for PBXProject "TimeBit" */;
			compatibilityVersion = "Xcode 3.2";
			developmentRegion = English;
			hasScannedForEncodings = 0;
			knownRegions = (
				en,
				Base,
			);
			mainGroup = 6B4951ED1EAE5F9B006645D5;
			productRefGroup = 6B4951F71EAE5F9B006645D5 /* Products */;
			projectDirPath = "";
			projectRoot = "";
			targets = (
				6B4951F51EAE5F9B006645D5 /* TimeBit */,
				6B4952091EAE5F9B006645D5 /* TimeBitTests */,
				6B4952141EAE5F9B006645D5 /* TimeBitUITests */,
			);
		};
/* End PBXProject section */

/* Begin PBXResourcesBuildPhase section */
		6B4951F41EAE5F9B006645D5 /* Resources */ = {
			isa = PBXResourcesBuildPhase;
			buildActionMask = 2147483647;
			files = (
				9303B9021EB5779A0086F0FB /* DetailActivity2Cell.xib in Resources */,
				6B4952041EAE5F9B006645D5 /* LaunchScreen.storyboard in Resources */,
				9303B9061EB577C70086F0FB /* DetailActivity3Cell.xib in Resources */,
				6B4952011EAE5F9B006645D5 /* Assets.xcassets in Resources */,
				9303B90A1EB578110086F0FB /* DetailActivity4Cell.xib in Resources */,
				9303B9161EB5BA8D0086F0FB /* DetailActivityViewController.xib in Resources */,
				9303B8FE1EB5771A0086F0FB /* DetailActivity1Cell.xib in Resources */,
				F8D7310F1EB3C7530080039E /* TimerView.xib in Resources */,
				F8D731161EB3D80F0080039E /* ActivityCell.xib in Resources */,
				F8A2C6A61EB5A62E005CC925 /* HomeViewController.xib in Resources */,
				6B49523F1EB543A7006645D5 /* ReportViewController.xib in Resources */,
				6B4952371EB3E90E006645D5 /* GoalSettingViewController.xib in Resources */,
				6B4952471EB5442C006645D5 /* GoalsViewController.xib in Resources */,
				6B4952431EB543C7006645D5 /* NotificationViewController.xib in Resources */,
			);
			runOnlyForDeploymentPostprocessing = 0;
		};
		6B4952081EAE5F9B006645D5 /* Resources */ = {
			isa = PBXResourcesBuildPhase;
			buildActionMask = 2147483647;
			files = (
			);
			runOnlyForDeploymentPostprocessing = 0;
		};
		6B4952131EAE5F9B006645D5 /* Resources */ = {
			isa = PBXResourcesBuildPhase;
			buildActionMask = 2147483647;
			files = (
			);
			runOnlyForDeploymentPostprocessing = 0;
		};
/* End PBXResourcesBuildPhase section */

/* Begin PBXShellScriptBuildPhase section */
		0787ECF7E74322A685B2E16A /* [CP] Copy Pods Resources */ = {
			isa = PBXShellScriptBuildPhase;
			buildActionMask = 2147483647;
			files = (
			);
			inputPaths = (
			);
			name = "[CP] Copy Pods Resources";
			outputPaths = (
			);
			runOnlyForDeploymentPostprocessing = 0;
			shellPath = /bin/sh;
			shellScript = "\"${SRCROOT}/Pods/Target Support Files/Pods-TimeBitTests/Pods-TimeBitTests-resources.sh\"\n";
			showEnvVarsInLog = 0;
		};
		085F703464999C854CE258BF /* [CP] Embed Pods Frameworks */ = {
			isa = PBXShellScriptBuildPhase;
			buildActionMask = 2147483647;
			files = (
			);
			inputPaths = (
			);
			name = "[CP] Embed Pods Frameworks";
			outputPaths = (
			);
			runOnlyForDeploymentPostprocessing = 0;
			shellPath = /bin/sh;
			shellScript = "\"${SRCROOT}/Pods/Target Support Files/Pods-TimeBitTests/Pods-TimeBitTests-frameworks.sh\"\n";
			showEnvVarsInLog = 0;
		};
		092DB3D5504777951237FD56 /* [CP] Embed Pods Frameworks */ = {
			isa = PBXShellScriptBuildPhase;
			buildActionMask = 2147483647;
			files = (
			);
			inputPaths = (
			);
			name = "[CP] Embed Pods Frameworks";
			outputPaths = (
			);
			runOnlyForDeploymentPostprocessing = 0;
			shellPath = /bin/sh;
			shellScript = "\"${SRCROOT}/Pods/Target Support Files/Pods-TimeBit/Pods-TimeBit-frameworks.sh\"\n";
			showEnvVarsInLog = 0;
		};
		2CCCD581B2B03864107D5941 /* [CP] Check Pods Manifest.lock */ = {
			isa = PBXShellScriptBuildPhase;
			buildActionMask = 2147483647;
			files = (
			);
			inputPaths = (
			);
			name = "[CP] Check Pods Manifest.lock";
			outputPaths = (
			);
			runOnlyForDeploymentPostprocessing = 0;
			shellPath = /bin/sh;
			shellScript = "diff \"${PODS_PODFILE_DIR_PATH}/Podfile.lock\" \"${PODS_ROOT}/Manifest.lock\" > /dev/null\nif [ $? != 0 ] ; then\n    # print error to STDERR\n    echo \"error: The sandbox is not in sync with the Podfile.lock. Run 'pod install' or update your CocoaPods installation.\" >&2\n    exit 1\nfi\n";
			showEnvVarsInLog = 0;
		};
		340AB3A041BE08736A9F6C71 /* [CP] Copy Pods Resources */ = {
			isa = PBXShellScriptBuildPhase;
			buildActionMask = 2147483647;
			files = (
			);
			inputPaths = (
			);
			name = "[CP] Copy Pods Resources";
			outputPaths = (
			);
			runOnlyForDeploymentPostprocessing = 0;
			shellPath = /bin/sh;
			shellScript = "\"${SRCROOT}/Pods/Target Support Files/Pods-TimeBit/Pods-TimeBit-resources.sh\"\n";
			showEnvVarsInLog = 0;
		};
		59E3210E04AC4AEA645DE6B6 /* [CP] Check Pods Manifest.lock */ = {
			isa = PBXShellScriptBuildPhase;
			buildActionMask = 2147483647;
			files = (
			);
			inputPaths = (
			);
			name = "[CP] Check Pods Manifest.lock";
			outputPaths = (
			);
			runOnlyForDeploymentPostprocessing = 0;
			shellPath = /bin/sh;
			shellScript = "diff \"${PODS_PODFILE_DIR_PATH}/Podfile.lock\" \"${PODS_ROOT}/Manifest.lock\" > /dev/null\nif [ $? != 0 ] ; then\n    # print error to STDERR\n    echo \"error: The sandbox is not in sync with the Podfile.lock. Run 'pod install' or update your CocoaPods installation.\" >&2\n    exit 1\nfi\n";
			showEnvVarsInLog = 0;
		};
		6B2DD1B116B22E962CDD28A7 /* [CP] Copy Pods Resources */ = {
			isa = PBXShellScriptBuildPhase;
			buildActionMask = 2147483647;
			files = (
			);
			inputPaths = (
			);
			name = "[CP] Copy Pods Resources";
			outputPaths = (
			);
			runOnlyForDeploymentPostprocessing = 0;
			shellPath = /bin/sh;
			shellScript = "\"${SRCROOT}/Pods/Target Support Files/Pods-TimeBitUITests/Pods-TimeBitUITests-resources.sh\"\n";
			showEnvVarsInLog = 0;
		};
		8DE40AF0ABD659FEA6A3CB2B /* [CP] Embed Pods Frameworks */ = {
			isa = PBXShellScriptBuildPhase;
			buildActionMask = 2147483647;
			files = (
			);
			inputPaths = (
			);
			name = "[CP] Embed Pods Frameworks";
			outputPaths = (
			);
			runOnlyForDeploymentPostprocessing = 0;
			shellPath = /bin/sh;
			shellScript = "\"${SRCROOT}/Pods/Target Support Files/Pods-TimeBitUITests/Pods-TimeBitUITests-frameworks.sh\"\n";
			showEnvVarsInLog = 0;
		};
		FAC93CABE00D8E1C23AD96C5 /* [CP] Check Pods Manifest.lock */ = {
			isa = PBXShellScriptBuildPhase;
			buildActionMask = 2147483647;
			files = (
			);
			inputPaths = (
			);
			name = "[CP] Check Pods Manifest.lock";
			outputPaths = (
			);
			runOnlyForDeploymentPostprocessing = 0;
			shellPath = /bin/sh;
			shellScript = "diff \"${PODS_PODFILE_DIR_PATH}/Podfile.lock\" \"${PODS_ROOT}/Manifest.lock\" > /dev/null\nif [ $? != 0 ] ; then\n    # print error to STDERR\n    echo \"error: The sandbox is not in sync with the Podfile.lock. Run 'pod install' or update your CocoaPods installation.\" >&2\n    exit 1\nfi\n";
			showEnvVarsInLog = 0;
		};
/* End PBXShellScriptBuildPhase section */

/* Begin PBXSourcesBuildPhase section */
		6B4951F21EAE5F9B006645D5 /* Sources */ = {
			isa = PBXSourcesBuildPhase;
			buildActionMask = 2147483647;
			files = (
				6B49522A1EAFDB4D006645D5 /* Activity.swift in Sources */,
				6B4952421EB543C7006645D5 /* NotificationViewController.swift in Sources */,
				6B49522F1EB129EA006645D5 /* Secrets.swift in Sources */,
				6B4952351EB3E876006645D5 /* GoalSettingViewController.swift in Sources */,
				6B4952461EB5442C006645D5 /* GoalsViewController.swift in Sources */,
				6B4952311EB13AC0006645D5 /* User.swift in Sources */,
				9303B90C1EB57B3C0086F0FB /* DetailActivityViewController.swift in Sources */,
				9303B9091EB578110086F0FB /* DetailActivity4Cell.swift in Sources */,
				9303B9051EB577C70086F0FB /* DetailActivity3Cell.swift in Sources */,
				6B49522D1EAFFEAF006645D5 /* ParseClient.swift in Sources */,
				9303B9011EB5779A0086F0FB /* DetailActivity2Cell.swift in Sources */,
				6B4951FA1EAE5F9B006645D5 /* AppDelegate.swift in Sources */,
				9303B8FD1EB5771A0086F0FB /* DetailActivity1Cell.swift in Sources */,
				9303B90E1EB59A180086F0FB /* ActivityLog.swift in Sources */,
				F8D731141EB3D6E70080039E /* ActivityCell.swift in Sources */,
				F8D7310A1EB3C5290080039E /* HomeViewController.swift in Sources */,
				F8D731121EB3C9120080039E /* TimerView.swift in Sources */,
				6B49523E1EB543A7006645D5 /* ReportViewController.swift in Sources */,
				6B4952331EB3DD51006645D5 /* Goal.swift in Sources */,
			);
			runOnlyForDeploymentPostprocessing = 0;
		};
		6B4952061EAE5F9B006645D5 /* Sources */ = {
			isa = PBXSourcesBuildPhase;
			buildActionMask = 2147483647;
			files = (
				6B49520F1EAE5F9B006645D5 /* TimeBitTests.swift in Sources */,
			);
			runOnlyForDeploymentPostprocessing = 0;
		};
		6B4952111EAE5F9B006645D5 /* Sources */ = {
			isa = PBXSourcesBuildPhase;
			buildActionMask = 2147483647;
			files = (
				6B49521A1EAE5F9B006645D5 /* TimeBitUITests.swift in Sources */,
			);
			runOnlyForDeploymentPostprocessing = 0;
		};
/* End PBXSourcesBuildPhase section */

/* Begin PBXTargetDependency section */
		6B49520C1EAE5F9B006645D5 /* PBXTargetDependency */ = {
			isa = PBXTargetDependency;
			target = 6B4951F51EAE5F9B006645D5 /* TimeBit */;
			targetProxy = 6B49520B1EAE5F9B006645D5 /* PBXContainerItemProxy */;
		};
		6B4952171EAE5F9B006645D5 /* PBXTargetDependency */ = {
			isa = PBXTargetDependency;
			target = 6B4951F51EAE5F9B006645D5 /* TimeBit */;
			targetProxy = 6B4952161EAE5F9B006645D5 /* PBXContainerItemProxy */;
		};
/* End PBXTargetDependency section */

/* Begin PBXVariantGroup section */
		6B4952021EAE5F9B006645D5 /* LaunchScreen.storyboard */ = {
			isa = PBXVariantGroup;
			children = (
				6B4952031EAE5F9B006645D5 /* Base */,
			);
			name = LaunchScreen.storyboard;
			sourceTree = "<group>";
		};
/* End PBXVariantGroup section */

/* Begin XCBuildConfiguration section */
		6B49521C1EAE5F9B006645D5 /* Debug */ = {
			isa = XCBuildConfiguration;
			buildSettings = {
				ALWAYS_SEARCH_USER_PATHS = NO;
				CLANG_ANALYZER_NONNULL = YES;
				CLANG_ANALYZER_NUMBER_OBJECT_CONVERSION = YES_AGGRESSIVE;
				CLANG_CXX_LANGUAGE_STANDARD = "gnu++0x";
				CLANG_CXX_LIBRARY = "libc++";
				CLANG_ENABLE_MODULES = YES;
				CLANG_ENABLE_OBJC_ARC = YES;
				CLANG_WARN_BOOL_CONVERSION = YES;
				CLANG_WARN_CONSTANT_CONVERSION = YES;
				CLANG_WARN_DIRECT_OBJC_ISA_USAGE = YES_ERROR;
				CLANG_WARN_DOCUMENTATION_COMMENTS = YES;
				CLANG_WARN_EMPTY_BODY = YES;
				CLANG_WARN_ENUM_CONVERSION = YES;
				CLANG_WARN_INFINITE_RECURSION = YES;
				CLANG_WARN_INT_CONVERSION = YES;
				CLANG_WARN_OBJC_ROOT_CLASS = YES_ERROR;
				CLANG_WARN_SUSPICIOUS_MOVE = YES;
				CLANG_WARN_UNREACHABLE_CODE = YES;
				CLANG_WARN__DUPLICATE_METHOD_MATCH = YES;
				"CODE_SIGN_IDENTITY[sdk=iphoneos*]" = "iPhone Developer";
				COPY_PHASE_STRIP = NO;
				DEBUG_INFORMATION_FORMAT = dwarf;
				ENABLE_STRICT_OBJC_MSGSEND = YES;
				ENABLE_TESTABILITY = YES;
				GCC_C_LANGUAGE_STANDARD = gnu99;
				GCC_DYNAMIC_NO_PIC = NO;
				GCC_NO_COMMON_BLOCKS = YES;
				GCC_OPTIMIZATION_LEVEL = 0;
				GCC_PREPROCESSOR_DEFINITIONS = (
					"DEBUG=1",
					"$(inherited)",
				);
				GCC_WARN_64_TO_32_BIT_CONVERSION = YES;
				GCC_WARN_ABOUT_RETURN_TYPE = YES_ERROR;
				GCC_WARN_UNDECLARED_SELECTOR = YES;
				GCC_WARN_UNINITIALIZED_AUTOS = YES_AGGRESSIVE;
				GCC_WARN_UNUSED_FUNCTION = YES;
				GCC_WARN_UNUSED_VARIABLE = YES;
				IPHONEOS_DEPLOYMENT_TARGET = 10.3;
				MTL_ENABLE_DEBUG_INFO = YES;
				ONLY_ACTIVE_ARCH = YES;
				SDKROOT = iphoneos;
				SWIFT_ACTIVE_COMPILATION_CONDITIONS = DEBUG;
				SWIFT_OPTIMIZATION_LEVEL = "-Onone";
			};
			name = Debug;
		};
		6B49521D1EAE5F9B006645D5 /* Release */ = {
			isa = XCBuildConfiguration;
			buildSettings = {
				ALWAYS_SEARCH_USER_PATHS = NO;
				CLANG_ANALYZER_NONNULL = YES;
				CLANG_ANALYZER_NUMBER_OBJECT_CONVERSION = YES_AGGRESSIVE;
				CLANG_CXX_LANGUAGE_STANDARD = "gnu++0x";
				CLANG_CXX_LIBRARY = "libc++";
				CLANG_ENABLE_MODULES = YES;
				CLANG_ENABLE_OBJC_ARC = YES;
				CLANG_WARN_BOOL_CONVERSION = YES;
				CLANG_WARN_CONSTANT_CONVERSION = YES;
				CLANG_WARN_DIRECT_OBJC_ISA_USAGE = YES_ERROR;
				CLANG_WARN_DOCUMENTATION_COMMENTS = YES;
				CLANG_WARN_EMPTY_BODY = YES;
				CLANG_WARN_ENUM_CONVERSION = YES;
				CLANG_WARN_INFINITE_RECURSION = YES;
				CLANG_WARN_INT_CONVERSION = YES;
				CLANG_WARN_OBJC_ROOT_CLASS = YES_ERROR;
				CLANG_WARN_SUSPICIOUS_MOVE = YES;
				CLANG_WARN_UNREACHABLE_CODE = YES;
				CLANG_WARN__DUPLICATE_METHOD_MATCH = YES;
				"CODE_SIGN_IDENTITY[sdk=iphoneos*]" = "iPhone Developer";
				COPY_PHASE_STRIP = NO;
				DEBUG_INFORMATION_FORMAT = "dwarf-with-dsym";
				ENABLE_NS_ASSERTIONS = NO;
				ENABLE_STRICT_OBJC_MSGSEND = YES;
				GCC_C_LANGUAGE_STANDARD = gnu99;
				GCC_NO_COMMON_BLOCKS = YES;
				GCC_WARN_64_TO_32_BIT_CONVERSION = YES;
				GCC_WARN_ABOUT_RETURN_TYPE = YES_ERROR;
				GCC_WARN_UNDECLARED_SELECTOR = YES;
				GCC_WARN_UNINITIALIZED_AUTOS = YES_AGGRESSIVE;
				GCC_WARN_UNUSED_FUNCTION = YES;
				GCC_WARN_UNUSED_VARIABLE = YES;
				IPHONEOS_DEPLOYMENT_TARGET = 10.3;
				MTL_ENABLE_DEBUG_INFO = NO;
				SDKROOT = iphoneos;
				SWIFT_OPTIMIZATION_LEVEL = "-Owholemodule";
				VALIDATE_PRODUCT = YES;
			};
			name = Release;
		};
		6B49521F1EAE5F9B006645D5 /* Debug */ = {
			isa = XCBuildConfiguration;
			baseConfigurationReference = B08A7E26325A76113F4F7572 /* Pods-TimeBit.debug.xcconfig */;
			buildSettings = {
				ASSETCATALOG_COMPILER_APPICON_NAME = AppIcon;
				INFOPLIST_FILE = TimeBit/Info.plist;
				LD_RUNPATH_SEARCH_PATHS = "$(inherited) @executable_path/Frameworks";
				PRODUCT_BUNDLE_IDENTIFIER = com.biteoftime.TimeBit;
				PRODUCT_NAME = "$(TARGET_NAME)";
				SWIFT_VERSION = 3.0;
			};
			name = Debug;
		};
		6B4952201EAE5F9B006645D5 /* Release */ = {
			isa = XCBuildConfiguration;
			baseConfigurationReference = 6696D97FCBC1A0FF722CE363 /* Pods-TimeBit.release.xcconfig */;
			buildSettings = {
				ASSETCATALOG_COMPILER_APPICON_NAME = AppIcon;
				INFOPLIST_FILE = TimeBit/Info.plist;
				LD_RUNPATH_SEARCH_PATHS = "$(inherited) @executable_path/Frameworks";
				PRODUCT_BUNDLE_IDENTIFIER = com.biteoftime.TimeBit;
				PRODUCT_NAME = "$(TARGET_NAME)";
				SWIFT_VERSION = 3.0;
			};
			name = Release;
		};
		6B4952221EAE5F9B006645D5 /* Debug */ = {
			isa = XCBuildConfiguration;
			baseConfigurationReference = 769BF63BC7610A30DC7BEE6D /* Pods-TimeBitTests.debug.xcconfig */;
			buildSettings = {
				ALWAYS_EMBED_SWIFT_STANDARD_LIBRARIES = YES;
				BUNDLE_LOADER = "$(TEST_HOST)";
				INFOPLIST_FILE = TimeBitTests/Info.plist;
				LD_RUNPATH_SEARCH_PATHS = "$(inherited) @executable_path/Frameworks @loader_path/Frameworks";
				PRODUCT_BUNDLE_IDENTIFIER = com.biteoftime.TimeBitTests;
				PRODUCT_NAME = "$(TARGET_NAME)";
				SWIFT_VERSION = 3.0;
				TEST_HOST = "$(BUILT_PRODUCTS_DIR)/TimeBit.app/TimeBit";
			};
			name = Debug;
		};
		6B4952231EAE5F9B006645D5 /* Release */ = {
			isa = XCBuildConfiguration;
			baseConfigurationReference = 242FF6FFA87B595DA7305FCA /* Pods-TimeBitTests.release.xcconfig */;
			buildSettings = {
				ALWAYS_EMBED_SWIFT_STANDARD_LIBRARIES = YES;
				BUNDLE_LOADER = "$(TEST_HOST)";
				INFOPLIST_FILE = TimeBitTests/Info.plist;
				LD_RUNPATH_SEARCH_PATHS = "$(inherited) @executable_path/Frameworks @loader_path/Frameworks";
				PRODUCT_BUNDLE_IDENTIFIER = com.biteoftime.TimeBitTests;
				PRODUCT_NAME = "$(TARGET_NAME)";
				SWIFT_VERSION = 3.0;
				TEST_HOST = "$(BUILT_PRODUCTS_DIR)/TimeBit.app/TimeBit";
			};
			name = Release;
		};
		6B4952251EAE5F9B006645D5 /* Debug */ = {
			isa = XCBuildConfiguration;
			baseConfigurationReference = 3A8E2E136DE1B02979666D3B /* Pods-TimeBitUITests.debug.xcconfig */;
			buildSettings = {
				ALWAYS_EMBED_SWIFT_STANDARD_LIBRARIES = YES;
				INFOPLIST_FILE = TimeBitUITests/Info.plist;
				LD_RUNPATH_SEARCH_PATHS = "$(inherited) @executable_path/Frameworks @loader_path/Frameworks";
				PRODUCT_BUNDLE_IDENTIFIER = com.biteoftime.TimeBitUITests;
				PRODUCT_NAME = "$(TARGET_NAME)";
				SWIFT_VERSION = 3.0;
				TEST_TARGET_NAME = TimeBit;
			};
			name = Debug;
		};
		6B4952261EAE5F9B006645D5 /* Release */ = {
			isa = XCBuildConfiguration;
			baseConfigurationReference = C9B5FD66C06BBA440B24E233 /* Pods-TimeBitUITests.release.xcconfig */;
			buildSettings = {
				ALWAYS_EMBED_SWIFT_STANDARD_LIBRARIES = YES;
				INFOPLIST_FILE = TimeBitUITests/Info.plist;
				LD_RUNPATH_SEARCH_PATHS = "$(inherited) @executable_path/Frameworks @loader_path/Frameworks";
				PRODUCT_BUNDLE_IDENTIFIER = com.biteoftime.TimeBitUITests;
				PRODUCT_NAME = "$(TARGET_NAME)";
				SWIFT_VERSION = 3.0;
				TEST_TARGET_NAME = TimeBit;
			};
			name = Release;
		};
/* End XCBuildConfiguration section */

/* Begin XCConfigurationList section */
		6B4951F11EAE5F9B006645D5 /* Build configuration list for PBXProject "TimeBit" */ = {
			isa = XCConfigurationList;
			buildConfigurations = (
				6B49521C1EAE5F9B006645D5 /* Debug */,
				6B49521D1EAE5F9B006645D5 /* Release */,
			);
			defaultConfigurationIsVisible = 0;
			defaultConfigurationName = Release;
		};
		6B49521E1EAE5F9B006645D5 /* Build configuration list for PBXNativeTarget "TimeBit" */ = {
			isa = XCConfigurationList;
			buildConfigurations = (
				6B49521F1EAE5F9B006645D5 /* Debug */,
				6B4952201EAE5F9B006645D5 /* Release */,
			);
			defaultConfigurationIsVisible = 0;
			defaultConfigurationName = Release;
		};
		6B4952211EAE5F9B006645D5 /* Build configuration list for PBXNativeTarget "TimeBitTests" */ = {
			isa = XCConfigurationList;
			buildConfigurations = (
				6B4952221EAE5F9B006645D5 /* Debug */,
				6B4952231EAE5F9B006645D5 /* Release */,
			);
			defaultConfigurationIsVisible = 0;
			defaultConfigurationName = Release;
		};
		6B4952241EAE5F9B006645D5 /* Build configuration list for PBXNativeTarget "TimeBitUITests" */ = {
			isa = XCConfigurationList;
			buildConfigurations = (
				6B4952251EAE5F9B006645D5 /* Debug */,
				6B4952261EAE5F9B006645D5 /* Release */,
			);
			defaultConfigurationIsVisible = 0;
			defaultConfigurationName = Release;
		};
/* End XCConfigurationList section */
	};
	rootObject = 6B4951EE1EAE5F9B006645D5 /* Project object */;
}
